
Microsoft Visual Studio Solution File, Format Version 12.00
# Visual Studio Version 16
VisualStudioVersion = 16.0.30413.136
MinimumVisualStudioVersion = 10.0.40219.1
Project("{FAE04EC0-301F-11D3-BF4B-00C04F79EFBC}") = "Resharper", "Resharper\Resharper.csproj", "{68949D43-9D96-47EF-9592-283D3FA5E105}"
EndProject
Project("{FAE04EC0-301F-11D3-BF4B-00C04F79EFBC}") = "ConfigFile", "ConfigFile\ConfigFile.csproj", "{7F1AF429-E5AF-4D9B-90B4-0849314EE929}"
EndProject
Project("{FAE04EC0-301F-11D3-BF4B-00C04F79EFBC}") = "Excel", "Excel\Excel.csproj", "{5C6F49B6-959C-425D-9BCA-A80CA8FFE809}"
EndProject
Project("{FAE04EC0-301F-11D3-BF4B-00C04F79EFBC}") = "AdoNet", "AdoNet\AdoNet.csproj", "{E25F333F-64F9-4F30-9020-171970F3C0FF}"
EndProject
Project("{FAE04EC0-301F-11D3-BF4B-00C04F79EFBC}") = "CountriesJsonCore", "CountriesJsonCore\CountriesJsonCore.csproj", "{C4683844-D499-48DA-9E0E-5B38C8BF5AED}"
EndProject
Global
	GlobalSection(SolutionConfigurationPlatforms) = preSolution
		Debug|Any CPU = Debug|Any CPU
		Release|Any CPU = Release|Any CPU
	EndGlobalSection
	GlobalSection(ProjectConfigurationPlatforms) = postSolution
		{68949D43-9D96-47EF-9592-283D3FA5E105}.Debug|Any CPU.ActiveCfg = Debug|Any CPU
		{68949D43-9D96-47EF-9592-283D3FA5E105}.Debug|Any CPU.Build.0 = Debug|Any CPU
		{68949D43-9D96-47EF-9592-283D3FA5E105}.Release|Any CPU.ActiveCfg = Release|Any CPU
		{68949D43-9D96-47EF-9592-283D3FA5E105}.Release|Any CPU.Build.0 = Release|Any CPU
		{7F1AF429-E5AF-4D9B-90B4-0849314EE929}.Debug|Any CPU.ActiveCfg = Debug|Any CPU
		{7F1AF429-E5AF-4D9B-90B4-0849314EE929}.Debug|Any CPU.Build.0 = Debug|Any CPU
		{7F1AF429-E5AF-4D9B-90B4-0849314EE929}.Release|Any CPU.ActiveCfg = Release|Any CPU
		{7F1AF429-E5AF-4D9B-90B4-0849314EE929}.Release|Any CPU.Build.0 = Release|Any CPU
		{5C6F49B6-959C-425D-9BCA-A80CA8FFE809}.Debug|Any CPU.ActiveCfg = Debug|Any CPU
		{5C6F49B6-959C-425D-9BCA-A80CA8FFE809}.Debug|Any CPU.Build.0 = Debug|Any CPU
		{5C6F49B6-959C-425D-9BCA-A80CA8FFE809}.Release|Any CPU.ActiveCfg = Release|Any CPU
		{5C6F49B6-959C-425D-9BCA-A80CA8FFE809}.Release|Any CPU.Build.0 = Release|Any CPU
		{E25F333F-64F9-4F30-9020-171970F3C0FF}.Debug|Any CPU.ActiveCfg = Debug|Any CPU
		{E25F333F-64F9-4F30-9020-171970F3C0FF}.Debug|Any CPU.Build.0 = Debug|Any CPU
		{E25F333F-64F9-4F30-9020-171970F3C0FF}.Release|Any CPU.ActiveCfg = Release|Any CPU
		{E25F333F-64F9-4F30-9020-171970F3C0FF}.Release|Any CPU.Build.0 = Release|Any CPU
		{C4683844-D499-48DA-9E0E-5B38C8BF5AED}.Debug|Any CPU.ActiveCfg = Debug|Any CPU
		{C4683844-D499-48DA-9E0E-5B38C8BF5AED}.Debug|Any CPU.Build.0 = Debug|Any CPU
		{C4683844-D499-48DA-9E0E-5B38C8BF5AED}.Release|Any CPU.ActiveCfg = Release|Any CPU
		{C4683844-D499-48DA-9E0E-5B38C8BF5AED}.Release|Any CPU.Build.0 = Release|Any CPU
	EndGlobalSection
	GlobalSection(SolutionProperties) = preSolution
		HideSolutionNode = FALSE
	EndGlobalSection
	GlobalSection(ExtensibilityGlobals) = postSolution
		SolutionGuid = {BD509C96-7DC3-4729-9E2D-0026950EFB7C}
	EndGlobalSection
EndGlobal
